
Microsoft Visual Studio Solution File, Format Version 12.00
# Visual Studio 14
VisualStudioVersion = 14.0.25420.1
MinimumVisualStudioVersion = 10.0.40219.1
Project("{FAE04EC0-301F-11D3-BF4B-00C04F79EFBC}") = "View", "PrjTresCamadas\View.csproj", "{040E09AA-9996-4FFD-8D27-538569E07E2F}"
EndProject
Project("{FAE04EC0-301F-11D3-BF4B-00C04F79EFBC}") = "BLL", "BLL\BLL.csproj", "{C9C4A767-6CC2-4962-90A1-9E6146E770AC}"
EndProject
Project("{FAE04EC0-301F-11D3-BF4B-00C04F79EFBC}") = "DAL", "DAL\DAL.csproj", "{E996C6D0-4765-4653-BC60-2949D3CAECE8}"
EndProject
Global
	GlobalSection(SolutionConfigurationPlatforms) = preSolution
		Debug|Any CPU = Debug|Any CPU
		Release|Any CPU = Release|Any CPU
	EndGlobalSection
	GlobalSection(ProjectConfigurationPlatforms) = postSolution
		{040E09AA-9996-4FFD-8D27-538569E07E2F}.Debug|Any CPU.ActiveCfg = Debug|Any CPU
		{040E09AA-9996-4FFD-8D27-538569E07E2F}.Debug|Any CPU.Build.0 = Debug|Any CPU
		{040E09AA-9996-4FFD-8D27-538569E07E2F}.Release|Any CPU.ActiveCfg = Release|Any CPU
		{040E09AA-9996-4FFD-8D27-538569E07E2F}.Release|Any CPU.Build.0 = Release|Any CPU
		{C9C4A767-6CC2-4962-90A1-9E6146E770AC}.Debug|Any CPU.ActiveCfg = Debug|Any CPU
		{C9C4A767-6CC2-4962-90A1-9E6146E770AC}.Debug|Any CPU.Build.0 = Debug|Any CPU
		{C9C4A767-6CC2-4962-90A1-9E6146E770AC}.Release|Any CPU.ActiveCfg = Release|Any CPU
		{C9C4A767-6CC2-4962-90A1-9E6146E770AC}.Release|Any CPU.Build.0 = Release|Any CPU
		{E996C6D0-4765-4653-BC60-2949D3CAECE8}.Debug|Any CPU.ActiveCfg = Debug|Any CPU
		{E996C6D0-4765-4653-BC60-2949D3CAECE8}.Debug|Any CPU.Build.0 = Debug|Any CPU
		{E996C6D0-4765-4653-BC60-2949D3CAECE8}.Release|Any CPU.ActiveCfg = Release|Any CPU
		{E996C6D0-4765-4653-BC60-2949D3CAECE8}.Release|Any CPU.Build.0 = Release|Any CPU
	EndGlobalSection
	GlobalSection(SolutionProperties) = preSolution
		HideSolutionNode = FALSE
	EndGlobalSection
EndGlobal
